// !$*UTF8*$!
{
	archiveVersion = 1;
	classes = {
	};
	objectVersion = 51;
	objects = {

/* Begin PBXBuildFile section */
		303E0635510C7186B3B1E280 /* Pods_Marshmallow_iOS.framework in Frameworks */ = {isa = PBXBuildFile; fileRef = 68765F25AECCAFF14F9B5584 /* Pods_Marshmallow_iOS.framework */; };
		44E295C331DC8296470DEF28 /* Pods_Marshmallow_iOS_Marshmallow_iOSUITests.framework in Frameworks */ = {isa = PBXBuildFile; fileRef = 9CFE4F1444D19BA32668AB81 /* Pods_Marshmallow_iOS_Marshmallow_iOSUITests.framework */; };
		ECDA3BA825692E0B000554A5 /* AppDelegate.swift in Sources */ = {isa = PBXBuildFile; fileRef = ECDA3BA725692E0B000554A5 /* AppDelegate.swift */; };
		ECDA3BAA25692E0B000554A5 /* SceneDelegate.swift in Sources */ = {isa = PBXBuildFile; fileRef = ECDA3BA925692E0B000554A5 /* SceneDelegate.swift */; };
		ECDA3BAC25692E0B000554A5 /* ViewController.swift in Sources */ = {isa = PBXBuildFile; fileRef = ECDA3BAB25692E0B000554A5 /* ViewController.swift */; };
		ECDA3BAF25692E0B000554A5 /* Main.storyboard in Resources */ = {isa = PBXBuildFile; fileRef = ECDA3BAD25692E0B000554A5 /* Main.storyboard */; };
		ECDA3BB125692E0C000554A5 /* Assets.xcassets in Resources */ = {isa = PBXBuildFile; fileRef = ECDA3BB025692E0C000554A5 /* Assets.xcassets */; };
		ECDA3BB425692E0C000554A5 /* LaunchScreen.storyboard in Resources */ = {isa = PBXBuildFile; fileRef = ECDA3BB225692E0C000554A5 /* LaunchScreen.storyboard */; };
		ECDA3BBF25692E0D000554A5 /* Marshmallow_iOSTests.swift in Sources */ = {isa = PBXBuildFile; fileRef = ECDA3BBE25692E0D000554A5 /* Marshmallow_iOSTests.swift */; };
		ECDA3BCA25692E0D000554A5 /* Marshmallow_iOSUITests.swift in Sources */ = {isa = PBXBuildFile; fileRef = ECDA3BC925692E0D000554A5 /* Marshmallow_iOSUITests.swift */; };
		ECDA3BF325693AB7000554A5 /* GenericResponse.swift in Sources */ = {isa = PBXBuildFile; fileRef = ECDA3BF225693AB7000554A5 /* GenericResponse.swift */; };
		ECDA3BF825693AF2000554A5 /* APIConstants.swift in Sources */ = {isa = PBXBuildFile; fileRef = ECDA3BF725693AF2000554A5 /* APIConstants.swift */; };
		FA6395ECE5EC1D4FBB355566 /* Pods_Marshmallow_iOSTests.framework in Frameworks */ = {isa = PBXBuildFile; fileRef = 61B585CAD04AEAA679170051 /* Pods_Marshmallow_iOSTests.framework */; };
/* End PBXBuildFile section */

/* Begin PBXContainerItemProxy section */
		ECDA3BBB25692E0D000554A5 /* PBXContainerItemProxy */ = {
			isa = PBXContainerItemProxy;
			containerPortal = ECDA3B9C25692E0B000554A5 /* Project object */;
			proxyType = 1;
			remoteGlobalIDString = ECDA3BA325692E0B000554A5;
			remoteInfo = Marshmallow_iOS;
		};
		ECDA3BC625692E0D000554A5 /* PBXContainerItemProxy */ = {
			isa = PBXContainerItemProxy;
			containerPortal = ECDA3B9C25692E0B000554A5 /* Project object */;
			proxyType = 1;
			remoteGlobalIDString = ECDA3BA325692E0B000554A5;
			remoteInfo = Marshmallow_iOS;
		};
/* End PBXContainerItemProxy section */

/* Begin PBXFileReference section */
		034D23E2058CD890280F7AA8 /* Pods-Marshmallow_iOS.release.xcconfig */ = {isa = PBXFileReference; includeInIndex = 1; lastKnownFileType = text.xcconfig; name = "Pods-Marshmallow_iOS.release.xcconfig"; path = "Target Support Files/Pods-Marshmallow_iOS/Pods-Marshmallow_iOS.release.xcconfig"; sourceTree = "<group>"; };
		2129FD6AA631924FE28374C9 /* Pods-Marshmallow_iOSTests.debug.xcconfig */ = {isa = PBXFileReference; includeInIndex = 1; lastKnownFileType = text.xcconfig; name = "Pods-Marshmallow_iOSTests.debug.xcconfig"; path = "Target Support Files/Pods-Marshmallow_iOSTests/Pods-Marshmallow_iOSTests.debug.xcconfig"; sourceTree = "<group>"; };
		379061DB1D93370F77B7EB37 /* Pods-Marshmallow_iOS-Marshmallow_iOSUITests.release.xcconfig */ = {isa = PBXFileReference; includeInIndex = 1; lastKnownFileType = text.xcconfig; name = "Pods-Marshmallow_iOS-Marshmallow_iOSUITests.release.xcconfig"; path = "Target Support Files/Pods-Marshmallow_iOS-Marshmallow_iOSUITests/Pods-Marshmallow_iOS-Marshmallow_iOSUITests.release.xcconfig"; sourceTree = "<group>"; };
		61B585CAD04AEAA679170051 /* Pods_Marshmallow_iOSTests.framework */ = {isa = PBXFileReference; explicitFileType = wrapper.framework; includeInIndex = 0; path = Pods_Marshmallow_iOSTests.framework; sourceTree = BUILT_PRODUCTS_DIR; };
		68765F25AECCAFF14F9B5584 /* Pods_Marshmallow_iOS.framework */ = {isa = PBXFileReference; explicitFileType = wrapper.framework; includeInIndex = 0; path = Pods_Marshmallow_iOS.framework; sourceTree = BUILT_PRODUCTS_DIR; };
		8EDCF870AE96F283B27A904B /* Pods-Marshmallow_iOS-Marshmallow_iOSUITests.debug.xcconfig */ = {isa = PBXFileReference; includeInIndex = 1; lastKnownFileType = text.xcconfig; name = "Pods-Marshmallow_iOS-Marshmallow_iOSUITests.debug.xcconfig"; path = "Target Support Files/Pods-Marshmallow_iOS-Marshmallow_iOSUITests/Pods-Marshmallow_iOS-Marshmallow_iOSUITests.debug.xcconfig"; sourceTree = "<group>"; };
		9CFE4F1444D19BA32668AB81 /* Pods_Marshmallow_iOS_Marshmallow_iOSUITests.framework */ = {isa = PBXFileReference; explicitFileType = wrapper.framework; includeInIndex = 0; path = Pods_Marshmallow_iOS_Marshmallow_iOSUITests.framework; sourceTree = BUILT_PRODUCTS_DIR; };
		A48458E6E2CF38B63FEA7349 /* Pods-Marshmallow_iOSTests.release.xcconfig */ = {isa = PBXFileReference; includeInIndex = 1; lastKnownFileType = text.xcconfig; name = "Pods-Marshmallow_iOSTests.release.xcconfig"; path = "Target Support Files/Pods-Marshmallow_iOSTests/Pods-Marshmallow_iOSTests.release.xcconfig"; sourceTree = "<group>"; };
		ECDA3BA425692E0B000554A5 /* Marshmallow_iOS.app */ = {isa = PBXFileReference; explicitFileType = wrapper.application; includeInIndex = 0; path = Marshmallow_iOS.app; sourceTree = BUILT_PRODUCTS_DIR; };
		ECDA3BA725692E0B000554A5 /* AppDelegate.swift */ = {isa = PBXFileReference; lastKnownFileType = sourcecode.swift; path = AppDelegate.swift; sourceTree = "<group>"; };
		ECDA3BA925692E0B000554A5 /* SceneDelegate.swift */ = {isa = PBXFileReference; lastKnownFileType = sourcecode.swift; path = SceneDelegate.swift; sourceTree = "<group>"; };
		ECDA3BAB25692E0B000554A5 /* ViewController.swift */ = {isa = PBXFileReference; lastKnownFileType = sourcecode.swift; path = ViewController.swift; sourceTree = "<group>"; };
		ECDA3BAE25692E0B000554A5 /* Base */ = {isa = PBXFileReference; lastKnownFileType = file.storyboard; name = Base; path = Base.lproj/Main.storyboard; sourceTree = "<group>"; };
		ECDA3BB025692E0C000554A5 /* Assets.xcassets */ = {isa = PBXFileReference; lastKnownFileType = folder.assetcatalog; path = Assets.xcassets; sourceTree = "<group>"; };
		ECDA3BB325692E0C000554A5 /* Base */ = {isa = PBXFileReference; lastKnownFileType = file.storyboard; name = Base; path = Base.lproj/LaunchScreen.storyboard; sourceTree = "<group>"; };
		ECDA3BB525692E0C000554A5 /* Info.plist */ = {isa = PBXFileReference; lastKnownFileType = text.plist.xml; path = Info.plist; sourceTree = "<group>"; };
		ECDA3BBA25692E0D000554A5 /* Marshmallow_iOSTests.xctest */ = {isa = PBXFileReference; explicitFileType = wrapper.cfbundle; includeInIndex = 0; path = Marshmallow_iOSTests.xctest; sourceTree = BUILT_PRODUCTS_DIR; };
		ECDA3BBE25692E0D000554A5 /* Marshmallow_iOSTests.swift */ = {isa = PBXFileReference; lastKnownFileType = sourcecode.swift; path = Marshmallow_iOSTests.swift; sourceTree = "<group>"; };
		ECDA3BC025692E0D000554A5 /* Info.plist */ = {isa = PBXFileReference; lastKnownFileType = text.plist.xml; path = Info.plist; sourceTree = "<group>"; };
		ECDA3BC525692E0D000554A5 /* Marshmallow_iOSUITests.xctest */ = {isa = PBXFileReference; explicitFileType = wrapper.cfbundle; includeInIndex = 0; path = Marshmallow_iOSUITests.xctest; sourceTree = BUILT_PRODUCTS_DIR; };
		ECDA3BC925692E0D000554A5 /* Marshmallow_iOSUITests.swift */ = {isa = PBXFileReference; lastKnownFileType = sourcecode.swift; path = Marshmallow_iOSUITests.swift; sourceTree = "<group>"; };
		ECDA3BCB25692E0D000554A5 /* Info.plist */ = {isa = PBXFileReference; lastKnownFileType = text.plist.xml; path = Info.plist; sourceTree = "<group>"; };
		ECDA3BF225693AB7000554A5 /* GenericResponse.swift */ = {isa = PBXFileReference; lastKnownFileType = sourcecode.swift; path = GenericResponse.swift; sourceTree = "<group>"; };
		ECDA3BF725693AF2000554A5 /* APIConstants.swift */ = {isa = PBXFileReference; lastKnownFileType = sourcecode.swift; path = APIConstants.swift; sourceTree = "<group>"; };
		FFC788897AABBB8CB9118C20 /* Pods-Marshmallow_iOS.debug.xcconfig */ = {isa = PBXFileReference; includeInIndex = 1; lastKnownFileType = text.xcconfig; name = "Pods-Marshmallow_iOS.debug.xcconfig"; path = "Target Support Files/Pods-Marshmallow_iOS/Pods-Marshmallow_iOS.debug.xcconfig"; sourceTree = "<group>"; };
/* End PBXFileReference section */

/* Begin PBXFrameworksBuildPhase section */
		ECDA3BA125692E0B000554A5 /* Frameworks */ = {
			isa = PBXFrameworksBuildPhase;
			buildActionMask = 2147483647;
			files = (
				303E0635510C7186B3B1E280 /* Pods_Marshmallow_iOS.framework in Frameworks */,
			);
			runOnlyForDeploymentPostprocessing = 0;
		};
		ECDA3BB725692E0D000554A5 /* Frameworks */ = {
			isa = PBXFrameworksBuildPhase;
			buildActionMask = 2147483647;
			files = (
				FA6395ECE5EC1D4FBB355566 /* Pods_Marshmallow_iOSTests.framework in Frameworks */,
			);
			runOnlyForDeploymentPostprocessing = 0;
		};
		ECDA3BC225692E0D000554A5 /* Frameworks */ = {
			isa = PBXFrameworksBuildPhase;
			buildActionMask = 2147483647;
			files = (
				44E295C331DC8296470DEF28 /* Pods_Marshmallow_iOS_Marshmallow_iOSUITests.framework in Frameworks */,
			);
			runOnlyForDeploymentPostprocessing = 0;
		};
/* End PBXFrameworksBuildPhase section */

/* Begin PBXGroup section */
		0C21C0A620BF6FF9F9D320CA /* Frameworks */ = {
			isa = PBXGroup;
			children = (
				68765F25AECCAFF14F9B5584 /* Pods_Marshmallow_iOS.framework */,
				9CFE4F1444D19BA32668AB81 /* Pods_Marshmallow_iOS_Marshmallow_iOSUITests.framework */,
				61B585CAD04AEAA679170051 /* Pods_Marshmallow_iOSTests.framework */,
			);
			name = Frameworks;
			sourceTree = "<group>";
		};
		10DB14FC4B19C02A54356034 /* Pods */ = {
			isa = PBXGroup;
			children = (
				FFC788897AABBB8CB9118C20 /* Pods-Marshmallow_iOS.debug.xcconfig */,
				034D23E2058CD890280F7AA8 /* Pods-Marshmallow_iOS.release.xcconfig */,
				8EDCF870AE96F283B27A904B /* Pods-Marshmallow_iOS-Marshmallow_iOSUITests.debug.xcconfig */,
				379061DB1D93370F77B7EB37 /* Pods-Marshmallow_iOS-Marshmallow_iOSUITests.release.xcconfig */,
				2129FD6AA631924FE28374C9 /* Pods-Marshmallow_iOSTests.debug.xcconfig */,
				A48458E6E2CF38B63FEA7349 /* Pods-Marshmallow_iOSTests.release.xcconfig */,
			);
			path = Pods;
			sourceTree = "<group>";
		};
		ECDA3B9B25692E0B000554A5 = {
			isa = PBXGroup;
			children = (
				ECDA3BA625692E0B000554A5 /* Marshmallow_iOS */,
				ECDA3BBD25692E0D000554A5 /* Marshmallow_iOSTests */,
				ECDA3BC825692E0D000554A5 /* Marshmallow_iOSUITests */,
				ECDA3BA525692E0B000554A5 /* Products */,
				10DB14FC4B19C02A54356034 /* Pods */,
				0C21C0A620BF6FF9F9D320CA /* Frameworks */,
			);
			sourceTree = "<group>";
		};
		ECDA3BA525692E0B000554A5 /* Products */ = {
			isa = PBXGroup;
			children = (
				ECDA3BA425692E0B000554A5 /* Marshmallow_iOS.app */,
				ECDA3BBA25692E0D000554A5 /* Marshmallow_iOSTests.xctest */,
				ECDA3BC525692E0D000554A5 /* Marshmallow_iOSUITests.xctest */,
			);
			name = Products;
			sourceTree = "<group>";
		};
		ECDA3BA625692E0B000554A5 /* Marshmallow_iOS */ = {
			isa = PBXGroup;
			children = (
				ECDA3BDB25692EFD000554A5 /* Sources */,
				ECDA3BDA25692EF8000554A5 /* Resources */,
				ECDA3BA725692E0B000554A5 /* AppDelegate.swift */,
				ECDA3BA925692E0B000554A5 /* SceneDelegate.swift */,
				ECDA3BB225692E0C000554A5 /* LaunchScreen.storyboard */,
				ECDA3BB525692E0C000554A5 /* Info.plist */,
			);
			path = Marshmallow_iOS;
			sourceTree = "<group>";
		};
		ECDA3BBD25692E0D000554A5 /* Marshmallow_iOSTests */ = {
			isa = PBXGroup;
			children = (
				ECDA3BBE25692E0D000554A5 /* Marshmallow_iOSTests.swift */,
				ECDA3BC025692E0D000554A5 /* Info.plist */,
			);
			path = Marshmallow_iOSTests;
			sourceTree = "<group>";
		};
		ECDA3BC825692E0D000554A5 /* Marshmallow_iOSUITests */ = {
			isa = PBXGroup;
			children = (
				ECDA3BC925692E0D000554A5 /* Marshmallow_iOSUITests.swift */,
				ECDA3BCB25692E0D000554A5 /* Info.plist */,
			);
			path = Marshmallow_iOSUITests;
			sourceTree = "<group>";
		};
		ECDA3BDA25692EF8000554A5 /* Resources */ = {
			isa = PBXGroup;
			children = (
				ECDA3BB025692E0C000554A5 /* Assets.xcassets */,
				ECDA3BDE25692F43000554A5 /* Storyboard */,
				ECDA3BDD25692F38000554A5 /* APIService */,
				ECDA3BDC25692F30000554A5 /* Font */,
			);
			path = Resources;
			sourceTree = "<group>";
		};
		ECDA3BDB25692EFD000554A5 /* Sources */ = {
			isa = PBXGroup;
			children = (
				ECDA3BE225692F8E000554A5 /* Model */,
				ECDA3BE125692F7B000554A5 /* Cell */,
				ECDA3BE025692F74000554A5 /* Extension */,
				ECDA3BDF25692F6A000554A5 /* Vc */,
			);
			path = Sources;
			sourceTree = "<group>";
		};
		ECDA3BDC25692F30000554A5 /* Font */ = {
			isa = PBXGroup;
			children = (
			);
			path = Font;
			sourceTree = "<group>";
		};
		ECDA3BDD25692F38000554A5 /* APIService */ = {
			isa = PBXGroup;
			children = (
				ECDA3BF725693AF2000554A5 /* APIConstants.swift */,
			);
			path = APIService;
			sourceTree = "<group>";
		};
		ECDA3BDE25692F43000554A5 /* Storyboard */ = {
			isa = PBXGroup;
			children = (
				ECDA3BAD25692E0B000554A5 /* Main.storyboard */,
			);
			path = Storyboard;
			sourceTree = "<group>";
		};
		ECDA3BDF25692F6A000554A5 /* Vc */ = {
			isa = PBXGroup;
			children = (
				ECDA3BAB25692E0B000554A5 /* ViewController.swift */,
			);
			path = Vc;
			sourceTree = "<group>";
		};
		ECDA3BE025692F74000554A5 /* Extension */ = {
			isa = PBXGroup;
			children = (
			);
			path = Extension;
			sourceTree = "<group>";
		};
		ECDA3BE125692F7B000554A5 /* Cell */ = {
			isa = PBXGroup;
			children = (
			);
			path = Cell;
			sourceTree = "<group>";
		};
		ECDA3BE225692F8E000554A5 /* Model */ = {
			isa = PBXGroup;
			children = (
				ECDA3BF225693AB7000554A5 /* GenericResponse.swift */,
			);
			path = Model;
			sourceTree = "<group>";
		};
/* End PBXGroup section */

/* Begin PBXNativeTarget section */
		ECDA3BA325692E0B000554A5 /* Marshmallow_iOS */ = {
			isa = PBXNativeTarget;
			buildConfigurationList = ECDA3BCE25692E0D000554A5 /* Build configuration list for PBXNativeTarget "Marshmallow_iOS" */;
			buildPhases = (
				812A80588FBB6E97EFBFF499 /* [CP] Check Pods Manifest.lock */,
				ECDA3BA025692E0B000554A5 /* Sources */,
				ECDA3BA125692E0B000554A5 /* Frameworks */,
				ECDA3BA225692E0B000554A5 /* Resources */,
				1FF4F291B26F24337F9336C5 /* [CP] Embed Pods Frameworks */,
			);
			buildRules = (
			);
			dependencies = (
			);
			name = Marshmallow_iOS;
			productName = Marshmallow_iOS;
			productReference = ECDA3BA425692E0B000554A5 /* Marshmallow_iOS.app */;
			productType = "com.apple.product-type.application";
		};
		ECDA3BB925692E0D000554A5 /* Marshmallow_iOSTests */ = {
			isa = PBXNativeTarget;
			buildConfigurationList = ECDA3BD125692E0D000554A5 /* Build configuration list for PBXNativeTarget "Marshmallow_iOSTests" */;
			buildPhases = (
				211BB7E99481830F7614D0F5 /* [CP] Check Pods Manifest.lock */,
				ECDA3BB625692E0D000554A5 /* Sources */,
				ECDA3BB725692E0D000554A5 /* Frameworks */,
				ECDA3BB825692E0D000554A5 /* Resources */,
			);
			buildRules = (
			);
			dependencies = (
				ECDA3BBC25692E0D000554A5 /* PBXTargetDependency */,
			);
			name = Marshmallow_iOSTests;
			productName = Marshmallow_iOSTests;
			productReference = ECDA3BBA25692E0D000554A5 /* Marshmallow_iOSTests.xctest */;
			productType = "com.apple.product-type.bundle.unit-test";
		};
		ECDA3BC425692E0D000554A5 /* Marshmallow_iOSUITests */ = {
			isa = PBXNativeTarget;
			buildConfigurationList = ECDA3BD425692E0D000554A5 /* Build configuration list for PBXNativeTarget "Marshmallow_iOSUITests" */;
			buildPhases = (
				69C03CAB8F36899B06A86DF1 /* [CP] Check Pods Manifest.lock */,
				ECDA3BC125692E0D000554A5 /* Sources */,
				ECDA3BC225692E0D000554A5 /* Frameworks */,
				ECDA3BC325692E0D000554A5 /* Resources */,
				E9CED4B086E3C82A777B59F3 /* [CP] Embed Pods Frameworks */,
			);
			buildRules = (
			);
			dependencies = (
				ECDA3BC725692E0D000554A5 /* PBXTargetDependency */,
			);
			name = Marshmallow_iOSUITests;
			productName = Marshmallow_iOSUITests;
			productReference = ECDA3BC525692E0D000554A5 /* Marshmallow_iOSUITests.xctest */;
			productType = "com.apple.product-type.bundle.ui-testing";
		};
/* End PBXNativeTarget section */

/* Begin PBXProject section */
		ECDA3B9C25692E0B000554A5 /* Project object */ = {
			isa = PBXProject;
			attributes = {
				LastSwiftUpdateCheck = 1220;
				LastUpgradeCheck = 1220;
				TargetAttributes = {
					ECDA3BA325692E0B000554A5 = {
						CreatedOnToolsVersion = 12.2;
					};
					ECDA3BB925692E0D000554A5 = {
						CreatedOnToolsVersion = 12.2;
						TestTargetID = ECDA3BA325692E0B000554A5;
					};
					ECDA3BC425692E0D000554A5 = {
						CreatedOnToolsVersion = 12.2;
						TestTargetID = ECDA3BA325692E0B000554A5;
					};
				};
			};
			buildConfigurationList = ECDA3B9F25692E0B000554A5 /* Build configuration list for PBXProject "Marshmallow_iOS" */;
			compatibilityVersion = "Xcode 9.3";
			developmentRegion = en;
			hasScannedForEncodings = 0;
			knownRegions = (
				en,
				Base,
			);
			mainGroup = ECDA3B9B25692E0B000554A5;
			productRefGroup = ECDA3BA525692E0B000554A5 /* Products */;
			projectDirPath = "";
			projectRoot = "";
			targets = (
				ECDA3BA325692E0B000554A5 /* Marshmallow_iOS */,
				ECDA3BB925692E0D000554A5 /* Marshmallow_iOSTests */,
				ECDA3BC425692E0D000554A5 /* Marshmallow_iOSUITests */,
			);
		};
/* End PBXProject section */

/* Begin PBXResourcesBuildPhase section */
		ECDA3BA225692E0B000554A5 /* Resources */ = {
			isa = PBXResourcesBuildPhase;
			buildActionMask = 2147483647;
			files = (
				ECDA3BB425692E0C000554A5 /* LaunchScreen.storyboard in Resources */,
				ECDA3BB125692E0C000554A5 /* Assets.xcassets in Resources */,
				ECDA3BAF25692E0B000554A5 /* Main.storyboard in Resources */,
			);
			runOnlyForDeploymentPostprocessing = 0;
		};
		ECDA3BB825692E0D000554A5 /* Resources */ = {
			isa = PBXResourcesBuildPhase;
			buildActionMask = 2147483647;
			files = (
			);
			runOnlyForDeploymentPostprocessing = 0;
		};
		ECDA3BC325692E0D000554A5 /* Resources */ = {
			isa = PBXResourcesBuildPhase;
			buildActionMask = 2147483647;
			files = (
			);
			runOnlyForDeploymentPostprocessing = 0;
		};
/* End PBXResourcesBuildPhase section */

/* Begin PBXShellScriptBuildPhase section */
		1FF4F291B26F24337F9336C5 /* [CP] Embed Pods Frameworks */ = {
			isa = PBXShellScriptBuildPhase;
			buildActionMask = 2147483647;
			files = (
			);
			inputFileListPaths = (
				"${PODS_ROOT}/Target Support Files/Pods-Marshmallow_iOS/Pods-Marshmallow_iOS-frameworks-${CONFIGURATION}-input-files.xcfilelist",
			);
			name = "[CP] Embed Pods Frameworks";
			outputFileListPaths = (
				"${PODS_ROOT}/Target Support Files/Pods-Marshmallow_iOS/Pods-Marshmallow_iOS-frameworks-${CONFIGURATION}-output-files.xcfilelist",
			);
			runOnlyForDeploymentPostprocessing = 0;
			shellPath = /bin/sh;
			shellScript = "\"${PODS_ROOT}/Target Support Files/Pods-Marshmallow_iOS/Pods-Marshmallow_iOS-frameworks.sh\"\n";
			showEnvVarsInLog = 0;
		};
		211BB7E99481830F7614D0F5 /* [CP] Check Pods Manifest.lock */ = {
			isa = PBXShellScriptBuildPhase;
			buildActionMask = 2147483647;
			files = (
			);
			inputFileListPaths = (
			);
			inputPaths = (
				"${PODS_PODFILE_DIR_PATH}/Podfile.lock",
				"${PODS_ROOT}/Manifest.lock",
			);
			name = "[CP] Check Pods Manifest.lock";
			outputFileListPaths = (
			);
			outputPaths = (
				"$(DERIVED_FILE_DIR)/Pods-Marshmallow_iOSTests-checkManifestLockResult.txt",
			);
			runOnlyForDeploymentPostprocessing = 0;
			shellPath = /bin/sh;
			shellScript = "diff \"${PODS_PODFILE_DIR_PATH}/Podfile.lock\" \"${PODS_ROOT}/Manifest.lock\" > /dev/null\nif [ $? != 0 ] ; then\n    # print error to STDERR\n    echo \"error: The sandbox is not in sync with the Podfile.lock. Run 'pod install' or update your CocoaPods installation.\" >&2\n    exit 1\nfi\n# This output is used by Xcode 'outputs' to avoid re-running this script phase.\necho \"SUCCESS\" > \"${SCRIPT_OUTPUT_FILE_0}\"\n";
			showEnvVarsInLog = 0;
		};
		69C03CAB8F36899B06A86DF1 /* [CP] Check Pods Manifest.lock */ = {
			isa = PBXShellScriptBuildPhase;
			buildActionMask = 2147483647;
			files = (
			);
			inputFileListPaths = (
			);
			inputPaths = (
				"${PODS_PODFILE_DIR_PATH}/Podfile.lock",
				"${PODS_ROOT}/Manifest.lock",
			);
			name = "[CP] Check Pods Manifest.lock";
			outputFileListPaths = (
			);
			outputPaths = (
				"$(DERIVED_FILE_DIR)/Pods-Marshmallow_iOS-Marshmallow_iOSUITests-checkManifestLockResult.txt",
			);
			runOnlyForDeploymentPostprocessing = 0;
			shellPath = /bin/sh;
			shellScript = "diff \"${PODS_PODFILE_DIR_PATH}/Podfile.lock\" \"${PODS_ROOT}/Manifest.lock\" > /dev/null\nif [ $? != 0 ] ; then\n    # print error to STDERR\n    echo \"error: The sandbox is not in sync with the Podfile.lock. Run 'pod install' or update your CocoaPods installation.\" >&2\n    exit 1\nfi\n# This output is used by Xcode 'outputs' to avoid re-running this script phase.\necho \"SUCCESS\" > \"${SCRIPT_OUTPUT_FILE_0}\"\n";
			showEnvVarsInLog = 0;
		};
		812A80588FBB6E97EFBFF499 /* [CP] Check Pods Manifest.lock */ = {
			isa = PBXShellScriptBuildPhase;
			buildActionMask = 2147483647;
			files = (
			);
			inputFileListPaths = (
			);
			inputPaths = (
				"${PODS_PODFILE_DIR_PATH}/Podfile.lock",
				"${PODS_ROOT}/Manifest.lock",
			);
			name = "[CP] Check Pods Manifest.lock";
			outputFileListPaths = (
			);
			outputPaths = (
				"$(DERIVED_FILE_DIR)/Pods-Marshmallow_iOS-checkManifestLockResult.txt",
			);
			runOnlyForDeploymentPostprocessing = 0;
			shellPath = /bin/sh;
			shellScript = "diff \"${PODS_PODFILE_DIR_PATH}/Podfile.lock\" \"${PODS_ROOT}/Manifest.lock\" > /dev/null\nif [ $? != 0 ] ; then\n    # print error to STDERR\n    echo \"error: The sandbox is not in sync with the Podfile.lock. Run 'pod install' or update your CocoaPods installation.\" >&2\n    exit 1\nfi\n# This output is used by Xcode 'outputs' to avoid re-running this script phase.\necho \"SUCCESS\" > \"${SCRIPT_OUTPUT_FILE_0}\"\n";
			showEnvVarsInLog = 0;
		};
		E9CED4B086E3C82A777B59F3 /* [CP] Embed Pods Frameworks */ = {
			isa = PBXShellScriptBuildPhase;
			buildActionMask = 2147483647;
			files = (
			);
			inputFileListPaths = (
				"${PODS_ROOT}/Target Support Files/Pods-Marshmallow_iOS-Marshmallow_iOSUITests/Pods-Marshmallow_iOS-Marshmallow_iOSUITests-frameworks-${CONFIGURATION}-input-files.xcfilelist",
			);
			name = "[CP] Embed Pods Frameworks";
			outputFileListPaths = (
				"${PODS_ROOT}/Target Support Files/Pods-Marshmallow_iOS-Marshmallow_iOSUITests/Pods-Marshmallow_iOS-Marshmallow_iOSUITests-frameworks-${CONFIGURATION}-output-files.xcfilelist",
			);
			runOnlyForDeploymentPostprocessing = 0;
			shellPath = /bin/sh;
			shellScript = "\"${PODS_ROOT}/Target Support Files/Pods-Marshmallow_iOS-Marshmallow_iOSUITests/Pods-Marshmallow_iOS-Marshmallow_iOSUITests-frameworks.sh\"\n";
			showEnvVarsInLog = 0;
		};
/* End PBXShellScriptBuildPhase section */

/* Begin PBXSourcesBuildPhase section */
		ECDA3BA025692E0B000554A5 /* Sources */ = {
			isa = PBXSourcesBuildPhase;
			buildActionMask = 2147483647;
			files = (
				ECDA3BF325693AB7000554A5 /* GenericResponse.swift in Sources */,
				ECDA3BF825693AF2000554A5 /* APIConstants.swift in Sources */,
				ECDA3BAC25692E0B000554A5 /* ViewController.swift in Sources */,
				ECDA3BA825692E0B000554A5 /* AppDelegate.swift in Sources */,
				ECDA3BAA25692E0B000554A5 /* SceneDelegate.swift in Sources */,
			);
			runOnlyForDeploymentPostprocessing = 0;
		};
		ECDA3BB625692E0D000554A5 /* Sources */ = {
			isa = PBXSourcesBuildPhase;
			buildActionMask = 2147483647;
			files = (
				ECDA3BBF25692E0D000554A5 /* Marshmallow_iOSTests.swift in Sources */,
			);
			runOnlyForDeploymentPostprocessing = 0;
		};
		ECDA3BC125692E0D000554A5 /* Sources */ = {
			isa = PBXSourcesBuildPhase;
			buildActionMask = 2147483647;
			files = (
				ECDA3BCA25692E0D000554A5 /* Marshmallow_iOSUITests.swift in Sources */,
			);
			runOnlyForDeploymentPostprocessing = 0;
		};
/* End PBXSourcesBuildPhase section */

/* Begin PBXTargetDependency section */
		ECDA3BBC25692E0D000554A5 /* PBXTargetDependency */ = {
			isa = PBXTargetDependency;
			target = ECDA3BA325692E0B000554A5 /* Marshmallow_iOS */;
			targetProxy = ECDA3BBB25692E0D000554A5 /* PBXContainerItemProxy */;
		};
		ECDA3BC725692E0D000554A5 /* PBXTargetDependency */ = {
			isa = PBXTargetDependency;
			target = ECDA3BA325692E0B000554A5 /* Marshmallow_iOS */;
			targetProxy = ECDA3BC625692E0D000554A5 /* PBXContainerItemProxy */;
		};
/* End PBXTargetDependency section */

/* Begin PBXVariantGroup section */
		ECDA3BAD25692E0B000554A5 /* Main.storyboard */ = {
			isa = PBXVariantGroup;
			children = (
				ECDA3BAE25692E0B000554A5 /* Base */,
			);
			name = Main.storyboard;
			sourceTree = "<group>";
		};
		ECDA3BB225692E0C000554A5 /* LaunchScreen.storyboard */ = {
			isa = PBXVariantGroup;
			children = (
				ECDA3BB325692E0C000554A5 /* Base */,
			);
			name = LaunchScreen.storyboard;
			sourceTree = "<group>";
		};
/* End PBXVariantGroup section */

/* Begin XCBuildConfiguration section */
		ECDA3BCC25692E0D000554A5 /* Debug */ = {
			isa = XCBuildConfiguration;
			buildSettings = {
				ALWAYS_SEARCH_USER_PATHS = NO;
				CLANG_ANALYZER_NONNULL = YES;
				CLANG_ANALYZER_NUMBER_OBJECT_CONVERSION = YES_AGGRESSIVE;
				CLANG_CXX_LANGUAGE_STANDARD = "gnu++14";
				CLANG_CXX_LIBRARY = "libc++";
				CLANG_ENABLE_MODULES = YES;
				CLANG_ENABLE_OBJC_ARC = YES;
				CLANG_ENABLE_OBJC_WEAK = YES;
				CLANG_WARN_BLOCK_CAPTURE_AUTORELEASING = YES;
				CLANG_WARN_BOOL_CONVERSION = YES;
				CLANG_WARN_COMMA = YES;
				CLANG_WARN_CONSTANT_CONVERSION = YES;
				CLANG_WARN_DEPRECATED_OBJC_IMPLEMENTATIONS = YES;
				CLANG_WARN_DIRECT_OBJC_ISA_USAGE = YES_ERROR;
				CLANG_WARN_DOCUMENTATION_COMMENTS = YES;
				CLANG_WARN_EMPTY_BODY = YES;
				CLANG_WARN_ENUM_CONVERSION = YES;
				CLANG_WARN_INFINITE_RECURSION = YES;
				CLANG_WARN_INT_CONVERSION = YES;
				CLANG_WARN_NON_LITERAL_NULL_CONVERSION = YES;
				CLANG_WARN_OBJC_IMPLICIT_RETAIN_SELF = YES;
				CLANG_WARN_OBJC_LITERAL_CONVERSION = YES;
				CLANG_WARN_OBJC_ROOT_CLASS = YES_ERROR;
				CLANG_WARN_QUOTED_INCLUDE_IN_FRAMEWORK_HEADER = YES;
				CLANG_WARN_RANGE_LOOP_ANALYSIS = YES;
				CLANG_WARN_STRICT_PROTOTYPES = YES;
				CLANG_WARN_SUSPICIOUS_MOVE = YES;
				CLANG_WARN_UNGUARDED_AVAILABILITY = YES_AGGRESSIVE;
				CLANG_WARN_UNREACHABLE_CODE = YES;
				CLANG_WARN__DUPLICATE_METHOD_MATCH = YES;
				COPY_PHASE_STRIP = NO;
				DEBUG_INFORMATION_FORMAT = dwarf;
				ENABLE_STRICT_OBJC_MSGSEND = YES;
				ENABLE_TESTABILITY = YES;
				GCC_C_LANGUAGE_STANDARD = gnu11;
				GCC_DYNAMIC_NO_PIC = NO;
				GCC_NO_COMMON_BLOCKS = YES;
				GCC_OPTIMIZATION_LEVEL = 0;
				GCC_PREPROCESSOR_DEFINITIONS = (
					"DEBUG=1",
					"$(inherited)",
				);
				GCC_WARN_64_TO_32_BIT_CONVERSION = YES;
				GCC_WARN_ABOUT_RETURN_TYPE = YES_ERROR;
				GCC_WARN_UNDECLARED_SELECTOR = YES;
				GCC_WARN_UNINITIALIZED_AUTOS = YES_AGGRESSIVE;
				GCC_WARN_UNUSED_FUNCTION = YES;
				GCC_WARN_UNUSED_VARIABLE = YES;
				IPHONEOS_DEPLOYMENT_TARGET = 14.2;
				MTL_ENABLE_DEBUG_INFO = INCLUDE_SOURCE;
				MTL_FAST_MATH = YES;
				ONLY_ACTIVE_ARCH = YES;
				SDKROOT = iphoneos;
				SWIFT_ACTIVE_COMPILATION_CONDITIONS = DEBUG;
				SWIFT_OPTIMIZATION_LEVEL = "-Onone";
			};
			name = Debug;
		};
		ECDA3BCD25692E0D000554A5 /* Release */ = {
			isa = XCBuildConfiguration;
			buildSettings = {
				ALWAYS_SEARCH_USER_PATHS = NO;
				CLANG_ANALYZER_NONNULL = YES;
				CLANG_ANALYZER_NUMBER_OBJECT_CONVERSION = YES_AGGRESSIVE;
				CLANG_CXX_LANGUAGE_STANDARD = "gnu++14";
				CLANG_CXX_LIBRARY = "libc++";
				CLANG_ENABLE_MODULES = YES;
				CLANG_ENABLE_OBJC_ARC = YES;
				CLANG_ENABLE_OBJC_WEAK = YES;
				CLANG_WARN_BLOCK_CAPTURE_AUTORELEASING = YES;
				CLANG_WARN_BOOL_CONVERSION = YES;
				CLANG_WARN_COMMA = YES;
				CLANG_WARN_CONSTANT_CONVERSION = YES;
				CLANG_WARN_DEPRECATED_OBJC_IMPLEMENTATIONS = YES;
				CLANG_WARN_DIRECT_OBJC_ISA_USAGE = YES_ERROR;
				CLANG_WARN_DOCUMENTATION_COMMENTS = YES;
				CLANG_WARN_EMPTY_BODY = YES;
				CLANG_WARN_ENUM_CONVERSION = YES;
				CLANG_WARN_INFINITE_RECURSION = YES;
				CLANG_WARN_INT_CONVERSION = YES;
				CLANG_WARN_NON_LITERAL_NULL_CONVERSION = YES;
				CLANG_WARN_OBJC_IMPLICIT_RETAIN_SELF = YES;
				CLANG_WARN_OBJC_LITERAL_CONVERSION = YES;
				CLANG_WARN_OBJC_ROOT_CLASS = YES_ERROR;
				CLANG_WARN_QUOTED_INCLUDE_IN_FRAMEWORK_HEADER = YES;
				CLANG_WARN_RANGE_LOOP_ANALYSIS = YES;
				CLANG_WARN_STRICT_PROTOTYPES = YES;
				CLANG_WARN_SUSPICIOUS_MOVE = YES;
				CLANG_WARN_UNGUARDED_AVAILABILITY = YES_AGGRESSIVE;
				CLANG_WARN_UNREACHABLE_CODE = YES;
				CLANG_WARN__DUPLICATE_METHOD_MATCH = YES;
				COPY_PHASE_STRIP = NO;
				DEBUG_INFORMATION_FORMAT = "dwarf-with-dsym";
				ENABLE_NS_ASSERTIONS = NO;
				ENABLE_STRICT_OBJC_MSGSEND = YES;
				GCC_C_LANGUAGE_STANDARD = gnu11;
				GCC_NO_COMMON_BLOCKS = YES;
				GCC_WARN_64_TO_32_BIT_CONVERSION = YES;
				GCC_WARN_ABOUT_RETURN_TYPE = YES_ERROR;
				GCC_WARN_UNDECLARED_SELECTOR = YES;
				GCC_WARN_UNINITIALIZED_AUTOS = YES_AGGRESSIVE;
				GCC_WARN_UNUSED_FUNCTION = YES;
				GCC_WARN_UNUSED_VARIABLE = YES;
				IPHONEOS_DEPLOYMENT_TARGET = 14.2;
				MTL_ENABLE_DEBUG_INFO = NO;
				MTL_FAST_MATH = YES;
				SDKROOT = iphoneos;
				SWIFT_COMPILATION_MODE = wholemodule;
				SWIFT_OPTIMIZATION_LEVEL = "-O";
				VALIDATE_PRODUCT = YES;
			};
			name = Release;
		};
		ECDA3BCF25692E0D000554A5 /* Debug */ = {
			isa = XCBuildConfiguration;
			baseConfigurationReference = FFC788897AABBB8CB9118C20 /* Pods-Marshmallow_iOS.debug.xcconfig */;
			buildSettings = {
				ASSETCATALOG_COMPILER_APPICON_NAME = AppIcon;
				ASSETCATALOG_COMPILER_GLOBAL_ACCENT_COLOR_NAME = AccentColor;
				CODE_SIGN_STYLE = Automatic;
				DEVELOPMENT_TEAM = 6ZTQ76LJPZ;
				INFOPLIST_FILE = Marshmallow_iOS/Info.plist;
				LD_RUNPATH_SEARCH_PATHS = (
					"$(inherited)",
					"@executable_path/Frameworks",
				);
				PRODUCT_BUNDLE_IDENTIFIER = "YunaeKim.Marshmallow-iOS";
				PRODUCT_NAME = "$(TARGET_NAME)";
				SWIFT_VERSION = 5.0;
				TARGETED_DEVICE_FAMILY = "1,2";
			};
			name = Debug;
		};
		ECDA3BD025692E0D000554A5 /* Release */ = {
			isa = XCBuildConfiguration;
			baseConfigurationReference = 034D23E2058CD890280F7AA8 /* Pods-Marshmallow_iOS.release.xcconfig */;
			buildSettings = {
				ASSETCATALOG_COMPILER_APPICON_NAME = AppIcon;
				ASSETCATALOG_COMPILER_GLOBAL_ACCENT_COLOR_NAME = AccentColor;
				CODE_SIGN_STYLE = Automatic;
				DEVELOPMENT_TEAM = 6ZTQ76LJPZ;
				INFOPLIST_FILE = Marshmallow_iOS/Info.plist;
				LD_RUNPATH_SEARCH_PATHS = (
					"$(inherited)",
					"@executable_path/Frameworks",
				);
				PRODUCT_BUNDLE_IDENTIFIER = "YunaeKim.Marshmallow-iOS";
				PRODUCT_NAME = "$(TARGET_NAME)";
				SWIFT_VERSION = 5.0;
				TARGETED_DEVICE_FAMILY = "1,2";
			};
			name = Release;
		};
		ECDA3BD225692E0D000554A5 /* Debug */ = {
			isa = XCBuildConfiguration;
			baseConfigurationReference = 2129FD6AA631924FE28374C9 /* Pods-Marshmallow_iOSTests.debug.xcconfig */;
			buildSettings = {
				ALWAYS_EMBED_SWIFT_STANDARD_LIBRARIES = YES;
				BUNDLE_LOADER = "$(TEST_HOST)";
				CODE_SIGN_STYLE = Automatic;
				DEVELOPMENT_TEAM = 6ZTQ76LJPZ;
				INFOPLIST_FILE = Marshmallow_iOSTests/Info.plist;
				IPHONEOS_DEPLOYMENT_TARGET = 14.2;
				LD_RUNPATH_SEARCH_PATHS = (
					"$(inherited)",
					"@executable_path/Frameworks",
					"@loader_path/Frameworks",
				);
				PRODUCT_BUNDLE_IDENTIFIER = "YunaeKim.Marshmallow-iOSTests";
				PRODUCT_NAME = "$(TARGET_NAME)";
				SWIFT_VERSION = 5.0;
				TARGETED_DEVICE_FAMILY = "1,2";
				TEST_HOST = "$(BUILT_PRODUCTS_DIR)/Marshmallow_iOS.app/Marshmallow_iOS";
			};
			name = Debug;
		};
		ECDA3BD325692E0D000554A5 /* Release */ = {
			isa = XCBuildConfiguration;
			baseConfigurationReference = A48458E6E2CF38B63FEA7349 /* Pods-Marshmallow_iOSTests.release.xcconfig */;
			buildSettings = {
				ALWAYS_EMBED_SWIFT_STANDARD_LIBRARIES = YES;
				BUNDLE_LOADER = "$(TEST_HOST)";
				CODE_SIGN_STYLE = Automatic;
				DEVELOPMENT_TEAM = 6ZTQ76LJPZ;
				INFOPLIST_FILE = Marshmallow_iOSTests/Info.plist;
				IPHONEOS_DEPLOYMENT_TARGET = 14.2;
				LD_RUNPATH_SEARCH_PATHS = (
					"$(inherited)",
					"@executable_path/Frameworks",
					"@loader_path/Frameworks",
				);
				PRODUCT_BUNDLE_IDENTIFIER = "YunaeKim.Marshmallow-iOSTests";
				PRODUCT_NAME = "$(TARGET_NAME)";
				SWIFT_VERSION = 5.0;
				TARGETED_DEVICE_FAMILY = "1,2";
				TEST_HOST = "$(BUILT_PRODUCTS_DIR)/Marshmallow_iOS.app/Marshmallow_iOS";
			};
			name = Release;
		};
		ECDA3BD525692E0D000554A5 /* Debug */ = {
			isa = XCBuildConfiguration;
			baseConfigurationReference = 8EDCF870AE96F283B27A904B /* Pods-Marshmallow_iOS-Marshmallow_iOSUITests.debug.xcconfig */;
			buildSettings = {
				ALWAYS_EMBED_SWIFT_STANDARD_LIBRARIES = YES;
				CODE_SIGN_STYLE = Automatic;
				DEVELOPMENT_TEAM = 6ZTQ76LJPZ;
				INFOPLIST_FILE = Marshmallow_iOSUITests/Info.plist;
				LD_RUNPATH_SEARCH_PATHS = (
					"$(inherited)",
					"@executable_path/Frameworks",
					"@loader_path/Frameworks",
				);
				PRODUCT_BUNDLE_IDENTIFIER = "YunaeKim.Marshmallow-iOSUITests";
				PRODUCT_NAME = "$(TARGET_NAME)";
				SWIFT_VERSION = 5.0;
				TARGETED_DEVICE_FAMILY = "1,2";
				TEST_TARGET_NAME = Marshmallow_iOS;
			};
			name = Debug;
		};
		ECDA3BD625692E0D000554A5 /* Release */ = {
			isa = XCBuildConfiguration;
			baseConfigurationReference = 379061DB1D93370F77B7EB37 /* Pods-Marshmallow_iOS-Marshmallow_iOSUITests.release.xcconfig */;
			buildSettings = {
				ALWAYS_EMBED_SWIFT_STANDARD_LIBRARIES = YES;
				CODE_SIGN_STYLE = Automatic;
				DEVELOPMENT_TEAM = 6ZTQ76LJPZ;
				INFOPLIST_FILE = Marshmallow_iOSUITests/Info.plist;
				LD_RUNPATH_SEARCH_PATHS = (
					"$(inherited)",
					"@executable_path/Frameworks",
					"@loader_path/Frameworks",
				);
				PRODUCT_BUNDLE_IDENTIFIER = "YunaeKim.Marshmallow-iOSUITests";
				PRODUCT_NAME = "$(TARGET_NAME)";
				SWIFT_VERSION = 5.0;
				TARGETED_DEVICE_FAMILY = "1,2";
				TEST_TARGET_NAME = Marshmallow_iOS;
			};
			name = Release;
		};
/* End XCBuildConfiguration section */

/* Begin XCConfigurationList section */
		ECDA3B9F25692E0B000554A5 /* Build configuration list for PBXProject "Marshmallow_iOS" */ = {
			isa = XCConfigurationList;
			buildConfigurations = (
				ECDA3BCC25692E0D000554A5 /* Debug */,
				ECDA3BCD25692E0D000554A5 /* Release */,
			);
			defaultConfigurationIsVisible = 0;
			defaultConfigurationName = Release;
		};
		ECDA3BCE25692E0D000554A5 /* Build configuration list for PBXNativeTarget "Marshmallow_iOS" */ = {
			isa = XCConfigurationList;
			buildConfigurations = (
				ECDA3BCF25692E0D000554A5 /* Debug */,
				ECDA3BD025692E0D000554A5 /* Release */,
			);
			defaultConfigurationIsVisible = 0;
			defaultConfigurationName = Release;
		};
		ECDA3BD125692E0D000554A5 /* Build configuration list for PBXNativeTarget "Marshmallow_iOSTests" */ = {
			isa = XCConfigurationList;
			buildConfigurations = (
				ECDA3BD225692E0D000554A5 /* Debug */,
				ECDA3BD325692E0D000554A5 /* Release */,
			);
			defaultConfigurationIsVisible = 0;
			defaultConfigurationName = Release;
		};
		ECDA3BD425692E0D000554A5 /* Build configuration list for PBXNativeTarget "Marshmallow_iOSUITests" */ = {
			isa = XCConfigurationList;
			buildConfigurations = (
				ECDA3BD525692E0D000554A5 /* Debug */,
				ECDA3BD625692E0D000554A5 /* Release */,
			);
			defaultConfigurationIsVisible = 0;
			defaultConfigurationName = Release;
		};
/* End XCConfigurationList section */
	};
	rootObject = ECDA3B9C25692E0B000554A5 /* Project object */;
}
